
Microsoft Visual Studio Solution File, Format Version 12.00
# Visual Studio Version 17
VisualStudioVersion = 17.3.32811.315
MinimumVisualStudioVersion = 10.0.40219.1
Project("{FAE04EC0-301F-11D3-BF4B-00C04F79EFBC}") = "Reminder-timer", "reminder\Reminder-timer.csproj", "{BA4D8BCF-8A64-4DFF-96E2-EE9BB2E35999}"
EndProject
Global
	GlobalSection(SolutionConfigurationPlatforms) = preSolution
		Debug|Any CPU = Debug|Any CPU
		Release|Any CPU = Release|Any CPU
	EndGlobalSection
	GlobalSection(ProjectConfigurationPlatforms) = postSolution
		{BA4D8BCF-8A64-4DFF-96E2-EE9BB2E35999}.Debug|Any CPU.ActiveCfg = Debug|Any CPU
		{BA4D8BCF-8A64-4DFF-96E2-EE9BB2E35999}.Debug|Any CPU.Build.0 = Debug|Any CPU
		{BA4D8BCF-8A64-4DFF-96E2-EE9BB2E35999}.Release|Any CPU.ActiveCfg = Release|Any CPU
		{BA4D8BCF-8A64-4DFF-96E2-EE9BB2E35999}.Release|Any CPU.Build.0 = Release|Any CPU
	EndGlobalSection
	GlobalSection(SolutionProperties) = preSolution
		HideSolutionNode = FALSE
	EndGlobalSection
	GlobalSection(ExtensibilityGlobals) = postSolution
		SolutionGuid = {CFD87A56-8866-49A5-9DF3-973AA42A8952}
	EndGlobalSection
EndGlobal
